
Microsoft Visual Studio Solution File, Format Version 12.00
# Visual Studio Version 17
VisualStudioVersion = 17.5.002.0
MinimumVisualStudioVersion = 10.0.40219.1
Project("{FAE04EC0-301F-11D3-BF4B-00C04F79EFBC}") = "RulesEngineWrapper.UnitTest", "test\RulesEngineWrapper.UnitTest\RulesEngineWrapper.UnitTest.csproj", "{40F1D100-58F7-4457-9BF0-9E9E06F6C033}"
EndProject
Project("{FAE04EC0-301F-11D3-BF4B-00C04F79EFBC}") = "RulesEngineWrapper", "src\RulesEngineWrapper.csproj", "{9611857E-F45E-4F56-9F01-81B4093F81D7}"
EndProject
Global
	GlobalSection(SolutionConfigurationPlatforms) = preSolution
		Debug|Any CPU = Debug|Any CPU
		Release|Any CPU = Release|Any CPU
	EndGlobalSection
	GlobalSection(ProjectConfigurationPlatforms) = postSolution
		{69F0CAB5-3EB4-4286-A1FC-B75F35101368}.Debug|Any CPU.ActiveCfg = Debug|Any CPU
		{69F0CAB5-3EB4-4286-A1FC-B75F35101368}.Debug|Any CPU.Build.0 = Debug|Any CPU
		{69F0CAB5-3EB4-4286-A1FC-B75F35101368}.Release|Any CPU.ActiveCfg = Release|Any CPU
		{69F0CAB5-3EB4-4286-A1FC-B75F35101368}.Release|Any CPU.Build.0 = Release|Any CPU
		{40F1D100-58F7-4457-9BF0-9E9E06F6C033}.Debug|Any CPU.ActiveCfg = Debug|Any CPU
		{40F1D100-58F7-4457-9BF0-9E9E06F6C033}.Debug|Any CPU.Build.0 = Debug|Any CPU
		{40F1D100-58F7-4457-9BF0-9E9E06F6C033}.Release|Any CPU.ActiveCfg = Release|Any CPU
		{40F1D100-58F7-4457-9BF0-9E9E06F6C033}.Release|Any CPU.Build.0 = Release|Any CPU
		{9611857E-F45E-4F56-9F01-81B4093F81D7}.Debug|Any CPU.ActiveCfg = Debug|Any CPU
		{9611857E-F45E-4F56-9F01-81B4093F81D7}.Debug|Any CPU.Build.0 = Debug|Any CPU
		{9611857E-F45E-4F56-9F01-81B4093F81D7}.Release|Any CPU.ActiveCfg = Release|Any CPU
		{9611857E-F45E-4F56-9F01-81B4093F81D7}.Release|Any CPU.Build.0 = Release|Any CPU
	EndGlobalSection
	GlobalSection(SolutionProperties) = preSolution
		HideSolutionNode = FALSE
	EndGlobalSection
	GlobalSection(ExtensibilityGlobals) = postSolution
		SolutionGuid = {FA3F5203-7CEE-44A3-BA97-33108293B524}
	EndGlobalSection
EndGlobal
