
Microsoft Visual Studio Solution File, Format Version 12.00
# Visual Studio Version 17
VisualStudioVersion = 17.0.31903.59
MinimumVisualStudioVersion = 10.0.40219.1
Project("{2150E333-8FDC-42A3-9474-1A3956D46DE8}") = "src", "src", "{EB9C703B-E917-46A4-BED5-D8A935D72B0D}"
EndProject
Project("{FAE04EC0-301F-11D3-BF4B-00C04F79EFBC}") = "RulesEngineWrapper", "src\RulesEngineWrapper.Core\RulesEngineWrapper.csproj", "{37AFAD7F-F431-417F-A3AD-75D7DE8DE28E}"
EndProject
Project("{2150E333-8FDC-42A3-9474-1A3956D46DE8}") = "test", "test", "{526AF31F-5D88-45F8-9C1C-16CFB3D1D3B2}"
EndProject
Project("{FAE04EC0-301F-11D3-BF4B-00C04F79EFBC}") = "RulesEngineWrapper.UnitTest", "test\RulesEngineWrapper.UnitTest\RulesEngineWrapper.UnitTest.csproj", "{C7429852-62A5-45D7-B3EE-AF660F0BE4C4}"
EndProject
Project("{FAE04EC0-301F-11D3-BF4B-00C04F79EFBC}") = "RulesEngineWrapper.Dashboard", "src\RulesEngineWrapper.Dashboard\RulesEngineWrapper.Dashboard.csproj", "{7AB3421F-A2EA-42D5-B217-DE41F54218A6}"
EndProject
Project("{FAE04EC0-301F-11D3-BF4B-00C04F79EFBC}") = "KeyTreeGame", "demos\KeyTreeGame.csproj", "{65901B29-DC05-4151-B038-790961832F6D}"
EndProject
Global
	GlobalSection(SolutionConfigurationPlatforms) = preSolution
		Debug|Any CPU = Debug|Any CPU
		Release|Any CPU = Release|Any CPU
	EndGlobalSection
	GlobalSection(ProjectConfigurationPlatforms) = postSolution
		{37AFAD7F-F431-417F-A3AD-75D7DE8DE28E}.Debug|Any CPU.ActiveCfg = Debug|Any CPU
		{37AFAD7F-F431-417F-A3AD-75D7DE8DE28E}.Debug|Any CPU.Build.0 = Debug|Any CPU
		{37AFAD7F-F431-417F-A3AD-75D7DE8DE28E}.Release|Any CPU.ActiveCfg = Release|Any CPU
		{37AFAD7F-F431-417F-A3AD-75D7DE8DE28E}.Release|Any CPU.Build.0 = Release|Any CPU
		{C7429852-62A5-45D7-B3EE-AF660F0BE4C4}.Debug|Any CPU.ActiveCfg = Debug|Any CPU
		{C7429852-62A5-45D7-B3EE-AF660F0BE4C4}.Debug|Any CPU.Build.0 = Debug|Any CPU
		{C7429852-62A5-45D7-B3EE-AF660F0BE4C4}.Release|Any CPU.ActiveCfg = Release|Any CPU
		{C7429852-62A5-45D7-B3EE-AF660F0BE4C4}.Release|Any CPU.Build.0 = Release|Any CPU
		{7AB3421F-A2EA-42D5-B217-DE41F54218A6}.Debug|Any CPU.ActiveCfg = Debug|Any CPU
		{7AB3421F-A2EA-42D5-B217-DE41F54218A6}.Debug|Any CPU.Build.0 = Debug|Any CPU
		{7AB3421F-A2EA-42D5-B217-DE41F54218A6}.Release|Any CPU.ActiveCfg = Release|Any CPU
		{7AB3421F-A2EA-42D5-B217-DE41F54218A6}.Release|Any CPU.Build.0 = Release|Any CPU
		{65901B29-DC05-4151-B038-790961832F6D}.Debug|Any CPU.ActiveCfg = Debug|Any CPU
		{65901B29-DC05-4151-B038-790961832F6D}.Debug|Any CPU.Build.0 = Debug|Any CPU
		{65901B29-DC05-4151-B038-790961832F6D}.Release|Any CPU.ActiveCfg = Release|Any CPU
		{65901B29-DC05-4151-B038-790961832F6D}.Release|Any CPU.Build.0 = Release|Any CPU
	EndGlobalSection
	GlobalSection(SolutionProperties) = preSolution
		HideSolutionNode = FALSE
	EndGlobalSection
	GlobalSection(NestedProjects) = preSolution
		{37AFAD7F-F431-417F-A3AD-75D7DE8DE28E} = {EB9C703B-E917-46A4-BED5-D8A935D72B0D}
		{C7429852-62A5-45D7-B3EE-AF660F0BE4C4} = {526AF31F-5D88-45F8-9C1C-16CFB3D1D3B2}
		{7AB3421F-A2EA-42D5-B217-DE41F54218A6} = {EB9C703B-E917-46A4-BED5-D8A935D72B0D}
	EndGlobalSection
EndGlobal
